
Microsoft Visual Studio Solution File, Format Version 12.00
Project("{FAE04EC0-301F-11D3-BF4B-00C04F79EFBC}") = "HashTableBook", "HashTableBook\HashTableBook.csproj", "{14B2B0D1-587A-495C-9D2D-B61E11C25E61}"
EndProject
Global
	GlobalSection(SolutionConfigurationPlatforms) = preSolution
		Debug|Any CPU = Debug|Any CPU
		Release|Any CPU = Release|Any CPU
	EndGlobalSection
	GlobalSection(ProjectConfigurationPlatforms) = postSolution
		{14B2B0D1-587A-495C-9D2D-B61E11C25E61}.Debug|Any CPU.ActiveCfg = Debug|Any CPU
		{14B2B0D1-587A-495C-9D2D-B61E11C25E61}.Debug|Any CPU.Build.0 = Debug|Any CPU
		{14B2B0D1-587A-495C-9D2D-B61E11C25E61}.Release|Any CPU.ActiveCfg = Release|Any CPU
		{14B2B0D1-587A-495C-9D2D-B61E11C25E61}.Release|Any CPU.Build.0 = Release|Any CPU
	EndGlobalSection
EndGlobal
