
Microsoft Visual Studio Solution File, Format Version 12.00
Project("{FAE04EC0-301F-11D3-BF4B-00C04F79EFBC}") = "SLLProgram", "SLLProgram\SLLProgram.csproj", "{B54D26A4-2C20-4A66-8938-8102CEBAED50}"
EndProject
Global
	GlobalSection(SolutionConfigurationPlatforms) = preSolution
		Debug|Any CPU = Debug|Any CPU
		Release|Any CPU = Release|Any CPU
	EndGlobalSection
	GlobalSection(ProjectConfigurationPlatforms) = postSolution
		{B54D26A4-2C20-4A66-8938-8102CEBAED50}.Debug|Any CPU.ActiveCfg = Debug|Any CPU
		{B54D26A4-2C20-4A66-8938-8102CEBAED50}.Debug|Any CPU.Build.0 = Debug|Any CPU
		{B54D26A4-2C20-4A66-8938-8102CEBAED50}.Release|Any CPU.ActiveCfg = Release|Any CPU
		{B54D26A4-2C20-4A66-8938-8102CEBAED50}.Release|Any CPU.Build.0 = Release|Any CPU
	EndGlobalSection
EndGlobal
