
Microsoft Visual Studio Solution File, Format Version 12.00
Project("{FAE04EC0-301F-11D3-BF4B-00C04F79EFBC}") = "ReBinarySearchTree", "ReBinarySearchTree\ReBinarySearchTree.csproj", "{AD151316-FF04-4613-9CD4-995799C6811F}"
EndProject
Global
	GlobalSection(SolutionConfigurationPlatforms) = preSolution
		Debug|Any CPU = Debug|Any CPU
		Release|Any CPU = Release|Any CPU
	EndGlobalSection
	GlobalSection(ProjectConfigurationPlatforms) = postSolution
		{AD151316-FF04-4613-9CD4-995799C6811F}.Debug|Any CPU.ActiveCfg = Debug|Any CPU
		{AD151316-FF04-4613-9CD4-995799C6811F}.Debug|Any CPU.Build.0 = Debug|Any CPU
		{AD151316-FF04-4613-9CD4-995799C6811F}.Release|Any CPU.ActiveCfg = Release|Any CPU
		{AD151316-FF04-4613-9CD4-995799C6811F}.Release|Any CPU.Build.0 = Release|Any CPU
	EndGlobalSection
EndGlobal
